{
  "name": "js",
  "lockfileVersion": 3,
  "requires": true,
  "packages": {
    "": {
      "dependencies": {
        "mz-math": "^3.0.26",
        "prettytable.js": "^1.0.1"
      }
    },
    "node_modules/csv-parse": {
      "version": "5.5.6",
      "resolved": "https://registry.npmjs.org/csv-parse/-/csv-parse-5.5.6.tgz",
      "integrity": "sha512-uNpm30m/AGSkLxxy7d9yRXpJQFrZzVWLFBkS+6ngPcZkw/5k3L/jjFuj7tVnEpRn+QgmiXr21nDlhCiUK4ij2A=="
    },
    "node_modules/csv-stringify": {
      "version": "6.5.1",
      "resolved": "https://registry.npmjs.org/csv-stringify/-/csv-stringify-6.5.1.tgz",
      "integrity": "sha512-+9lpZfwpLntpTIEpFbwQyWuW/hmI/eHuJZD1XzeZpfZTqkf1fyvBbBLXTJJMsBuuS11uTShMqPwzx4A6ffXgRQ=="
    },
    "node_modules/mz-math": {
      "version": "3.0.26",
      "resolved": "https://registry.npmjs.org/mz-math/-/mz-math-3.0.26.tgz",
      "integrity": "sha512-c4uOGm5YXJgvjT6M1PnvG1FH29cEZInSSUmbJyQpif1vCJBsOzLKZOPfvfD9rdJKJbck8OBPHH8z4l5Sfcs2MA=="
    },
    "node_modules/prettytable.js": {
      "version": "1.0.1",
      "resolved": "https://registry.npmjs.org/prettytable.js/-/prettytable.js-1.0.1.tgz",
      "integrity": "sha512-u4zF61BF1Ydz5SkDxil4Q+TulR9ep3/VIZJsrVg2YcIgV8thNq28KwFw9NDTYUPIYYwLTMICuTJ+UV7yv08MLQ==",
      "dependencies": {
        "csv-parse": "^5.3.0",
        "csv-stringify": "^6.2.0"
      }
    }
  }
}
